
Microsoft Visual Studio Solution File, Format Version 12.00
# Visual Studio Version 16
VisualStudioVersion = 16.0.30804.86
MinimumVisualStudioVersion = 10.0.40219.1
Project("{F2A71F9B-5D33-465A-A702-920D77279786}") = "FsPoker", "FsPoker\FsPoker.fsproj", "{CE41EA75-FE19-499D-983A-36430742544D}"
EndProject
Project("{2150E333-8FDC-42A3-9474-1A3956D46DE8}") = "Solution Items", "Solution Items", "{C531C0AF-FF4A-44FB-B254-E83320555802}"
	ProjectSection(SolutionItems) = preProject
		poker-exercise.pdf = poker-exercise.pdf
		poker-hands.txt = poker-hands.txt
	EndProjectSection
EndProject
Global
	GlobalSection(SolutionConfigurationPlatforms) = preSolution
		Debug|Any CPU = Debug|Any CPU
		Release|Any CPU = Release|Any CPU
	EndGlobalSection
	GlobalSection(ProjectConfigurationPlatforms) = postSolution
		{CE41EA75-FE19-499D-983A-36430742544D}.Debug|Any CPU.ActiveCfg = Debug|Any CPU
		{CE41EA75-FE19-499D-983A-36430742544D}.Debug|Any CPU.Build.0 = Debug|Any CPU
		{CE41EA75-FE19-499D-983A-36430742544D}.Release|Any CPU.ActiveCfg = Release|Any CPU
		{CE41EA75-FE19-499D-983A-36430742544D}.Release|Any CPU.Build.0 = Release|Any CPU
	EndGlobalSection
	GlobalSection(SolutionProperties) = preSolution
		HideSolutionNode = FALSE
	EndGlobalSection
	GlobalSection(ExtensibilityGlobals) = postSolution
		SolutionGuid = {4FA8EFA7-E6EF-4307-99C2-0DAF4969B18D}
	EndGlobalSection
EndGlobal
